
Microsoft Visual Studio Solution File, Format Version 12.00
# Visual Studio Version 17
VisualStudioVersion = 17.14.36616.10 d17.14
MinimumVisualStudioVersion = 10.0.40219.1
Project("{FAE04EC0-301F-11D3-BF4B-00C04F79EFBC}") = "MiPrimerAPI", "MiPrimerAPI\MiPrimerAPI.csproj", "{EE827BEF-9362-4A34-93E8-E334EF173501}"
EndProject
Global
	GlobalSection(SolutionConfigurationPlatforms) = preSolution
		Debug|Any CPU = Debug|Any CPU
		Release|Any CPU = Release|Any CPU
	EndGlobalSection
	GlobalSection(ProjectConfigurationPlatforms) = postSolution
		{EE827BEF-9362-4A34-93E8-E334EF173501}.Debug|Any CPU.ActiveCfg = Debug|Any CPU
		{EE827BEF-9362-4A34-93E8-E334EF173501}.Debug|Any CPU.Build.0 = Debug|Any CPU
		{EE827BEF-9362-4A34-93E8-E334EF173501}.Release|Any CPU.ActiveCfg = Release|Any CPU
		{EE827BEF-9362-4A34-93E8-E334EF173501}.Release|Any CPU.Build.0 = Release|Any CPU
	EndGlobalSection
	GlobalSection(SolutionProperties) = preSolution
		HideSolutionNode = FALSE
	EndGlobalSection
	GlobalSection(ExtensibilityGlobals) = postSolution
		SolutionGuid = {0198BE26-D080-4AB0-BBDA-E758E83DF58F}
	EndGlobalSection
EndGlobal
